<?xml version="1.0" encoding="utf-8"?>
<Project ToolsVersion="4.0" xmlns="http://schemas.microsoft.com/developer/msbuild/2003">
  <ItemGroup>
    <Filter Include="Source Files">
      <UniqueIdentifier>{4FC737F1-C7A5-4376-A066-2A32D752A2FF}</UniqueIdentifier>
      <Extensions>cpp;c;cc;cxx;def;odl;idl;hpj;bat;asm;asmx</Extensions>
    </Filter>
    <Filter Include="Header Files">
      <UniqueIdentifier>{93995380-89BD-4b04-88EB-625FBE52EBFB}</UniqueIdentifier>
      <Extensions>h;hh;hpp;hxx;hm;inl;inc;xsd</Extensions>
    </Filter>
    <Filter Include="Resource Files">
      <UniqueIdentifier>{67DA6AB6-F800-4c08-8B7A-83BB121AAD01}</UniqueIdentifier>
      <Extensions>rc;ico;cur;bmp;dlg;rc2;rct;bin;rgs;gif;jpg;jpeg;jpe;resx;tiff;tif;png;wav;mfcribbon-ms</Extensions>
    </Filter>
    <Filter Include="Protobuf">
      <UniqueIdentifier>{c64910cd-88e8-433d-b436-74c63edf4356}</UniqueIdentifier>
    </Filter>
    <Filter Include="Generated Sources">
      <UniqueIdentifier>{69e1c1c0-b96b-4291-8eeb-f52d14557908}</UniqueIdentifier>
    </Filter>
  </ItemGroup>
  <ItemGroup>
    <ClInclude Include="..\src\main\tajo_async_client.h">
      <Filter>Header Files</Filter>
    </ClInclude>
    <ClInclude Include="..\src\main\tajo_buffer.h">
      <Filter>Header Files</Filter>
    </ClInclude>
    <ClInclude Include="..\src\main\tajo_client.h">
      <Filter>Header Files</Filter>
    </ClInclude>
    <ClInclude Include="..\src\main\tajo_client_impl.h">
      <Filter>Header Files</Filter>
    </ClInclude>
    <ClInclude Include="..\src\main\tajo_parser.h">
      <Filter>Header Files</Filter>
    </ClInclude>
    <ClInclude Include="..\src\main\tajo_sync_client.h">
      <Filter>Header Files</Filter>
    </ClInclude>
    <ClInclude Include="..\src\main\tajo_value.h">
      <Filter>Header Files</Filter>
    </ClInclude>
    <ClInclude Include="..\src\main\tajo_version.h">
      <Filter>Header Files</Filter>
    </ClInclude>
    <ClInclude Include="..\src\main\tajo_status.h">
      <Filter>Header Files</Filter>
    </ClInclude>
    <ClInclude Include="..\src\main\tajo_result.h">
      <Filter>Header Files</Filter>
    </ClInclude>
    <ClInclude Include="..\src\main\tajo_client_builder.h">
      <Filter>Header Files</Filter>
    </ClInclude>
    <ClInclude Include="..\src\generated-sources\RpcProtos.pb.h">
      <Filter>Generated Sources</Filter>
    </ClInclude>
    <ClInclude Include="..\src\generated-sources\ClientProtos.pb.h">
      <Filter>Generated Sources</Filter>
    </ClInclude>
    <ClInclude Include="..\src\generated-sources\DataTypes.pb.h">
      <Filter>Generated Sources</Filter>
    </ClInclude>
    <ClInclude Include="..\src\generated-sources\QueryMasterClientProtocol.pb.h">
      <Filter>Generated Sources</Filter>
    </ClInclude>
    <ClInclude Include="..\src\generated-sources\TajoMasterClientProtocol.pb.h">
      <Filter>Generated Sources</Filter>
    </ClInclude>
    <ClInclude Include="..\src\generated-sources\tajo_protos.pb.h">
      <Filter>Generated Sources</Filter>
    </ClInclude>
    <ClInclude Include="..\src\generated-sources\TajoIdProtos.pb.h">
      <Filter>Generated Sources</Filter>
    </ClInclude>
    <ClInclude Include="..\src\generated-sources\CatalogProtos.pb.h">
      <Filter>Generated Sources</Filter>
    </ClInclude>
    <ClInclude Include="..\src\generated-sources\PrimitiveProtos.pb.h">
      <Filter>Generated Sources</Filter>
    </ClInclude>
    <ClInclude Include="..\src\generated-sources\errors.pb.h">
      <Filter>Generated Sources</Filter>
    </ClInclude>
    <ClInclude Include="..\src\generated-sources\stacktrace.pb.h">
      <Filter>Generated Sources</Filter>
    </ClInclude>
  </ItemGroup>
  <ItemGroup>
    <ClCompile Include="..\src\main\tajo_async_client.cpp">
      <Filter>Source Files</Filter>
    </ClCompile>
    <ClCompile Include="..\src\main\tajo_client_impl.cpp">
      <Filter>Source Files</Filter>
    </ClCompile>
    <ClCompile Include="..\src\main\tajo_parser.cpp">
      <Filter>Source Files</Filter>
    </ClCompile>
    <ClCompile Include="..\src\main\tajo_sync_client.cpp">
      <Filter>Source Files</Filter>
    </ClCompile>
    <ClCompile Include="..\src\main\tajo_value.cpp">
      <Filter>Source Files</Filter>
    </ClCompile>
    <ClCompile Include="..\src\generated-sources\RpcProtos.pb.cc">
      <Filter>Generated Sources</Filter>
    </ClCompile>
    <ClCompile Include="..\src\generated-sources\ClientProtos.pb.cc">
      <Filter>Generated Sources</Filter>
    </ClCompile>
    <ClCompile Include="..\src\generated-sources\DataTypes.pb.cc">
      <Filter>Generated Sources</Filter>
    </ClCompile>
    <ClCompile Include="..\src\generated-sources\QueryMasterClientProtocol.pb.cc">
      <Filter>Generated Sources</Filter>
    </ClCompile>
    <ClCompile Include="..\src\generated-sources\TajoMasterClientProtocol.pb.cc">
      <Filter>Generated Sources</Filter>
    </ClCompile>
    <ClCompile Include="..\src\generated-sources\tajo_protos.pb.cc">
      <Filter>Generated Sources</Filter>
    </ClCompile>
    <ClCompile Include="..\src\generated-sources\TajoIdProtos.pb.cc">
      <Filter>Generated Sources</Filter>
    </ClCompile>
    <ClCompile Include="..\src\generated-sources\CatalogProtos.pb.cc">
      <Filter>Generated Sources</Filter>
    </ClCompile>
    <ClCompile Include="..\src\generated-sources\PrimitiveProtos.pb.cc">
      <Filter>Generated Sources</Filter>
    </ClCompile>
    <ClCompile Include="..\src\generated-sources\errors.pb.cc">
      <Filter>Generated Sources</Filter>
    </ClCompile>
    <ClCompile Include="..\src\generated-sources\stacktrace.pb.cc">
      <Filter>Generated Sources</Filter>
    </ClCompile>
    <ClCompile Include="..\src\main\tajo_client_builder.cpp">
      <Filter>Source Files</Filter>
    </ClCompile>
  </ItemGroup>
  <ItemGroup>
    <None Include="..\src\main\proto\ClientProtos.proto">
      <Filter>Protobuf</Filter>
    </None>
    <None Include="..\src\main\proto\QueryMasterClientProtocol.proto">
      <Filter>Protobuf</Filter>
    </None>
    <None Include="..\src\main\proto\TajoMasterClientProtocol.proto">
      <Filter>Protobuf</Filter>
    </None>
    <None Include="..\src\main\proto\RpcProtos.proto">
      <Filter>Protobuf</Filter>
    </None>
  </ItemGroup>
</Project>